
Microsoft Visual Studio Solution File, Format Version 12.00
# Visual Studio 2012
Project("{FAE04EC0-301F-11D3-BF4B-00C04F79EFBC}") = "Sandra.Snow.PreCompiler", "Sandra.Snow.PreCompiler\Sandra.Snow.PreCompiler.csproj", "{1143B7F0-4D45-4681-ACF8-EC24E4F4DBCC}"
EndProject
Project("{2150E333-8FDC-42A3-9474-1A3956D46DE8}") = ".nuget", ".nuget", "{41B572E5-63F8-4D1A-9B30-32DEC63B16A5}"
	ProjectSection(SolutionItems) = preProject
		.nuget\NuGet.Config = .nuget\NuGet.Config
		.nuget\NuGet.exe = .nuget\NuGet.exe
		.nuget\NuGet.targets = .nuget\NuGet.targets
		.nuget\packages.config = .nuget\packages.config
	EndProjectSection
EndProject
Project("{FAE04EC0-301F-11D3-BF4B-00C04F79EFBC}") = "Sandra.Snow.Barbato", "Sandra.Snow.Barbato\Sandra.Snow.Barbato.csproj", "{B4F9C525-5C56-440E-B4C2-972A33D7C8CD}"
EndProject
Project("{FAE04EC0-301F-11D3-BF4B-00C04F79EFBC}") = "Sandra.Snow.Barbato.Tests", "Sandra.Snow.Barbato.Tests\Sandra.Snow.Barbato.Tests.csproj", "{A9FEB2C4-496C-4C67-8511-0EEBE5215E43}"
EndProject
Global
	GlobalSection(SolutionConfigurationPlatforms) = preSolution
		Debug|Any CPU = Debug|Any CPU
		Release|Any CPU = Release|Any CPU
	EndGlobalSection
	GlobalSection(ProjectConfigurationPlatforms) = postSolution
		{1143B7F0-4D45-4681-ACF8-EC24E4F4DBCC}.Debug|Any CPU.ActiveCfg = Debug|Any CPU
		{1143B7F0-4D45-4681-ACF8-EC24E4F4DBCC}.Debug|Any CPU.Build.0 = Debug|Any CPU
		{1143B7F0-4D45-4681-ACF8-EC24E4F4DBCC}.Release|Any CPU.ActiveCfg = Release|Any CPU
		{1143B7F0-4D45-4681-ACF8-EC24E4F4DBCC}.Release|Any CPU.Build.0 = Release|Any CPU
		{B4F9C525-5C56-440E-B4C2-972A33D7C8CD}.Debug|Any CPU.ActiveCfg = Debug|Any CPU
		{B4F9C525-5C56-440E-B4C2-972A33D7C8CD}.Debug|Any CPU.Build.0 = Debug|Any CPU
		{B4F9C525-5C56-440E-B4C2-972A33D7C8CD}.Release|Any CPU.ActiveCfg = Release|Any CPU
		{B4F9C525-5C56-440E-B4C2-972A33D7C8CD}.Release|Any CPU.Build.0 = Release|Any CPU
		{A9FEB2C4-496C-4C67-8511-0EEBE5215E43}.Debug|Any CPU.ActiveCfg = Debug|Any CPU
		{A9FEB2C4-496C-4C67-8511-0EEBE5215E43}.Debug|Any CPU.Build.0 = Debug|Any CPU
		{A9FEB2C4-496C-4C67-8511-0EEBE5215E43}.Release|Any CPU.ActiveCfg = Release|Any CPU
		{A9FEB2C4-496C-4C67-8511-0EEBE5215E43}.Release|Any CPU.Build.0 = Release|Any CPU
	EndGlobalSection
	GlobalSection(SolutionProperties) = preSolution
		HideSolutionNode = FALSE
	EndGlobalSection
EndGlobal
